// !$*UTF8*$!
{
	archiveVersion = 1;
	classes = {
	};
	objectVersion = 48;
	objects = {

/* Begin PBXBuildFile section */
		C96D1D3020221897004CD179 /* BackgroundPictureQueryOperation.swift in Sources */ = {isa = PBXBuildFile; fileRef = C96D1D2F20221897004CD179 /* BackgroundPictureQueryOperation.swift */; };
		C972DF20201B30AD00ED97BF /* AppDelegate.swift in Sources */ = {isa = PBXBuildFile; fileRef = C972DF1F201B30AD00ED97BF /* AppDelegate.swift */; };
		C972DF23201B7AE300ED97BF /* FetchDatabaseChangesForCloudKitOperation.swift in Sources */ = {isa = PBXBuildFile; fileRef = C972DF22201B7AE300ED97BF /* FetchDatabaseChangesForCloudKitOperation.swift */; };
		C972DF25201C664100ED97BF /* FetchRecordZoneChangesOperation.swift in Sources */ = {isa = PBXBuildFile; fileRef = C972DF24201C664100ED97BF /* FetchRecordZoneChangesOperation.swift */; };
		C972DF28201C810F00ED97BF /* UpdatePublicDatabaseCoreData.swift in Sources */ = {isa = PBXBuildFile; fileRef = C972DF27201C810F00ED97BF /* UpdatePublicDatabaseCoreData.swift */; };
		C9745B95201E0CF000C34A97 /* CoreDataPRotocols.swift in Sources */ = {isa = PBXBuildFile; fileRef = C9745B94201E0CF000C34A97 /* CoreDataPRotocols.swift */; };
		C9745B9D201E1F6200C34A97 /* BackgroundPictures+CoreDataProperties.swift in Sources */ = {isa = PBXBuildFile; fileRef = C9745B9C201E1F6200C34A97 /* BackgroundPictures+CoreDataProperties.swift */; };
		C97AC58B20185290005AD3D5 /* FetchAllSubscriptionsOperation.swift in Sources */ = {isa = PBXBuildFile; fileRef = C97AC58A20185290005AD3D5 /* FetchAllSubscriptionsOperation.swift */; };
		C97AC58E20185537005AD3D5 /* ProcessServerSubscriptionOperation.swift in Sources */ = {isa = PBXBuildFile; fileRef = C97AC58D20185537005AD3D5 /* ProcessServerSubscriptionOperation.swift */; };
		C97AC5912018DFFA005AD3D5 /* FetchAllPublicDatabaseSubscriptionsOperation.swift in Sources */ = {isa = PBXBuildFile; fileRef = C97AC5902018DFFA005AD3D5 /* FetchAllPublicDatabaseSubscriptionsOperation.swift */; };
		C97AC5932018E271005AD3D5 /* ProcessServerPublicDatabaseSubscriptionOperation.swift in Sources */ = {isa = PBXBuildFile; fileRef = C97AC5922018E271005AD3D5 /* ProcessServerPublicDatabaseSubscriptionOperation.swift */; };
		C9B226AB2017690900B65052 /* CloudKitManager.swift in Sources */ = {isa = PBXBuildFile; fileRef = C9B226AA2017690900B65052 /* CloudKitManager.swift */; };
		CC23A209201F659200F275CD /* BackGroundPicturesCollectionViewController.swift in Sources */ = {isa = PBXBuildFile; fileRef = CC23A208201F659200F275CD /* BackGroundPicturesCollectionViewController.swift */; };
		CC23A20B2023469500F275CD /* BackgroundPictureCollectionViewCell.swift in Sources */ = {isa = PBXBuildFile; fileRef = CC23A20A2023469500F275CD /* BackgroundPictureCollectionViewCell.swift */; };
		CC7729BD20131E1800BDBD13 /* DinnerWithFriends.xcdatamodeld in Sources */ = {isa = PBXBuildFile; fileRef = CC7729BB20131E1800BDBD13 /* DinnerWithFriends.xcdatamodeld */; };
		CC7729BF20131E1800BDBD13 /* Assets.xcassets in Resources */ = {isa = PBXBuildFile; fileRef = CC7729BE20131E1800BDBD13 /* Assets.xcassets */; };
		CC7729C220131E1800BDBD13 /* LaunchScreen.storyboard in Resources */ = {isa = PBXBuildFile; fileRef = CC7729C020131E1800BDBD13 /* LaunchScreen.storyboard */; };
		CC7729CC20131E4100BDBD13 /* CloudKit.framework in Frameworks */ = {isa = PBXBuildFile; fileRef = CC7729CB20131E4100BDBD13 /* CloudKit.framework */; };
		CC7729CE201325D400BDBD13 /* Main.storyboard in Resources */ = {isa = PBXBuildFile; fileRef = CC7729CD201325D300BDBD13 /* Main.storyboard */; };
		CC7729D4201491E400BDBD13 /* DinnerCollectionViewCell.swift in Sources */ = {isa = PBXBuildFile; fileRef = CC7729CF201491E400BDBD13 /* DinnerCollectionViewCell.swift */; };
		CC7729D5201491E400BDBD13 /* MenuBarCollectionViewCell.swift in Sources */ = {isa = PBXBuildFile; fileRef = CC7729D0201491E400BDBD13 /* MenuBarCollectionViewCell.swift */; };
		CC7729D6201491E400BDBD13 /* DinnerItemCollectionViewCell.swift in Sources */ = {isa = PBXBuildFile; fileRef = CC7729D1201491E400BDBD13 /* DinnerItemCollectionViewCell.swift */; };
		CC7729D7201491E400BDBD13 /* CreateDinnerCollectionView.swift in Sources */ = {isa = PBXBuildFile; fileRef = CC7729D2201491E400BDBD13 /* CreateDinnerCollectionView.swift */; };
		CC7729D8201491E400BDBD13 /* DinnerCreatorViewController.swift in Sources */ = {isa = PBXBuildFile; fileRef = CC7729D3201491E400BDBD13 /* DinnerCreatorViewController.swift */; };
		CC7729DA2014920800BDBD13 /* CoreDataStack.swift in Sources */ = {isa = PBXBuildFile; fileRef = CC7729D92014920800BDBD13 /* CoreDataStack.swift */; };
		CC7729DF2014922200BDBD13 /* DinnerItemTableViewCell.swift in Sources */ = {isa = PBXBuildFile; fileRef = CC7729DB2014922200BDBD13 /* DinnerItemTableViewCell.swift */; };
		CC7729E02014922200BDBD13 /* DinnerItemTableViewController.swift in Sources */ = {isa = PBXBuildFile; fileRef = CC7729DC2014922200BDBD13 /* DinnerItemTableViewController.swift */; };
		CC7729E12014922200BDBD13 /* DinnerDetailCategoryCollectionView.swift in Sources */ = {isa = PBXBuildFile; fileRef = CC7729DD2014922200BDBD13 /* DinnerDetailCategoryCollectionView.swift */; };
		CC7729E22014922200BDBD13 /* DinnerItemDetailViewController.swift in Sources */ = {isa = PBXBuildFile; fileRef = CC7729DE2014922200BDBD13 /* DinnerItemDetailViewController.swift */; };
		CC7729EB2014966500BDBD13 /* BackgroundPictures+CoreDataClass.swift in Sources */ = {isa = PBXBuildFile; fileRef = CC7729E52014966500BDBD13 /* BackgroundPictures+CoreDataClass.swift */; };
		CC7729ED2014966500BDBD13 /* DinnerItems+CoreDataClass.swift in Sources */ = {isa = PBXBuildFile; fileRef = CC7729E72014966500BDBD13 /* DinnerItems+CoreDataClass.swift */; };
		CC7729EE2014966500BDBD13 /* DinnerItems+CoreDataProperties.swift in Sources */ = {isa = PBXBuildFile; fileRef = CC7729E82014966500BDBD13 /* DinnerItems+CoreDataProperties.swift */; };
		CC7729EF2014966500BDBD13 /* Dinners+CoreDataClass.swift in Sources */ = {isa = PBXBuildFile; fileRef = CC7729E92014966500BDBD13 /* Dinners+CoreDataClass.swift */; };
		CC7729F02014966500BDBD13 /* Dinners+CoreDataProperties.swift in Sources */ = {isa = PBXBuildFile; fileRef = CC7729EA2014966500BDBD13 /* Dinners+CoreDataProperties.swift */; };
		CC7729F52014989600BDBD13 /* DinnerItem.swift in Sources */ = {isa = PBXBuildFile; fileRef = CC7729F42014989600BDBD13 /* DinnerItem.swift */; };
		CC7729F720162DF400BDBD13 /* FetchAllRecordZonesOperation.swift in Sources */ = {isa = PBXBuildFile; fileRef = CC7729F620162DF400BDBD13 /* FetchAllRecordZonesOperation.swift */; };
		CC7729FA20162E4900BDBD13 /* Enum.swift in Sources */ = {isa = PBXBuildFile; fileRef = CC7729F920162E4900BDBD13 /* Enum.swift */; };
		CC7729FD20164E2200BDBD13 /* ProcessServerRecordZonesOperation.swift in Sources */ = {isa = PBXBuildFile; fileRef = CC7729FC20164E2200BDBD13 /* ProcessServerRecordZonesOperation.swift */; };
/* End PBXBuildFile section */

/* Begin PBXFileReference section */
		C96D1D2F20221897004CD179 /* BackgroundPictureQueryOperation.swift */ = {isa = PBXFileReference; lastKnownFileType = sourcecode.swift; path = BackgroundPictureQueryOperation.swift; sourceTree = "<group>"; };
		C972DF1F201B30AD00ED97BF /* AppDelegate.swift */ = {isa = PBXFileReference; fileEncoding = 4; lastKnownFileType = sourcecode.swift; path = AppDelegate.swift; sourceTree = "<group>"; };
		C972DF22201B7AE300ED97BF /* FetchDatabaseChangesForCloudKitOperation.swift */ = {isa = PBXFileReference; lastKnownFileType = sourcecode.swift; path = FetchDatabaseChangesForCloudKitOperation.swift; sourceTree = "<group>"; };
		C972DF24201C664100ED97BF /* FetchRecordZoneChangesOperation.swift */ = {isa = PBXFileReference; lastKnownFileType = sourcecode.swift; path = FetchRecordZoneChangesOperation.swift; sourceTree = "<group>"; };
		C972DF27201C810F00ED97BF /* UpdatePublicDatabaseCoreData.swift */ = {isa = PBXFileReference; lastKnownFileType = sourcecode.swift; name = UpdatePublicDatabaseCoreData.swift; path = Operations/CoreDataOperations/UpdatePublicDatabaseCoreData.swift; sourceTree = "<group>"; };
		C9745B94201E0CF000C34A97 /* CoreDataPRotocols.swift */ = {isa = PBXFileReference; lastKnownFileType = sourcecode.swift; name = CoreDataPRotocols.swift; path = DinnerWithFriends/Protocols/CoreDataPRotocols.swift; sourceTree = "<group>"; };
		C9745B9C201E1F6200C34A97 /* BackgroundPictures+CoreDataProperties.swift */ = {isa = PBXFileReference; lastKnownFileType = sourcecode.swift; path = "BackgroundPictures+CoreDataProperties.swift"; sourceTree = "<group>"; };
		C97AC58A20185290005AD3D5 /* FetchAllSubscriptionsOperation.swift */ = {isa = PBXFileReference; lastKnownFileType = sourcecode.swift; name = FetchAllSubscriptionsOperation.swift; path = "Operations/New Group/FetchAllSubscriptionsOperation.swift"; sourceTree = SOURCE_ROOT; };
		C97AC58D20185537005AD3D5 /* ProcessServerSubscriptionOperation.swift */ = {isa = PBXFileReference; lastKnownFileType = sourcecode.swift; name = ProcessServerSubscriptionOperation.swift; path = Operations/SubscriptionsOperations/ProcessServerSubscriptionOperation.swift; sourceTree = SOURCE_ROOT; };
		C97AC5902018DFFA005AD3D5 /* FetchAllPublicDatabaseSubscriptionsOperation.swift */ = {isa = PBXFileReference; lastKnownFileType = sourcecode.swift; name = FetchAllPublicDatabaseSubscriptionsOperation.swift; path = Operations/SubscriptionsOperations/FetchAllPublicDatabaseSubscriptionsOperation.swift; sourceTree = SOURCE_ROOT; };
		C97AC5922018E271005AD3D5 /* ProcessServerPublicDatabaseSubscriptionOperation.swift */ = {isa = PBXFileReference; lastKnownFileType = sourcecode.swift; name = ProcessServerPublicDatabaseSubscriptionOperation.swift; path = Operations/SubscriptionsOperations/ProcessServerPublicDatabaseSubscriptionOperation.swift; sourceTree = SOURCE_ROOT; };
		C9B226AA2017690900B65052 /* CloudKitManager.swift */ = {isa = PBXFileReference; lastKnownFileType = sourcecode.swift; path = CloudKitManager.swift; sourceTree = "<group>"; };
		CC23A208201F659200F275CD /* BackGroundPicturesCollectionViewController.swift */ = {isa = PBXFileReference; lastKnownFileType = sourcecode.swift; path = BackGroundPicturesCollectionViewController.swift; sourceTree = "<group>"; };
		CC23A20A2023469500F275CD /* BackgroundPictureCollectionViewCell.swift */ = {isa = PBXFileReference; lastKnownFileType = sourcecode.swift; path = BackgroundPictureCollectionViewCell.swift; sourceTree = "<group>"; };
		CC7729B120131E1800BDBD13 /* DinnerWithFriends.app */ = {isa = PBXFileReference; explicitFileType = wrapper.application; includeInIndex = 0; path = DinnerWithFriends.app; sourceTree = BUILT_PRODUCTS_DIR; };
		CC7729BC20131E1800BDBD13 /* DinnerWithFriends.xcdatamodel */ = {isa = PBXFileReference; lastKnownFileType = wrapper.xcdatamodel; path = DinnerWithFriends.xcdatamodel; sourceTree = "<group>"; };
		CC7729BE20131E1800BDBD13 /* Assets.xcassets */ = {isa = PBXFileReference; lastKnownFileType = folder.assetcatalog; path = Assets.xcassets; sourceTree = "<group>"; };
		CC7729C120131E1800BDBD13 /* Base */ = {isa = PBXFileReference; lastKnownFileType = file.storyboard; name = Base; path = Base.lproj/LaunchScreen.storyboard; sourceTree = "<group>"; };
		CC7729C320131E1800BDBD13 /* Info.plist */ = {isa = PBXFileReference; lastKnownFileType = text.plist.xml; path = Info.plist; sourceTree = "<group>"; };
		CC7729C920131E1D00BDBD13 /* DinnerWithFriends.entitlements */ = {isa = PBXFileReference; lastKnownFileType = text.plist.entitlements; path = DinnerWithFriends.entitlements; sourceTree = "<group>"; };
		CC7729CB20131E4100BDBD13 /* CloudKit.framework */ = {isa = PBXFileReference; lastKnownFileType = wrapper.framework; name = CloudKit.framework; path = System/Library/Frameworks/CloudKit.framework; sourceTree = SDKROOT; };
		CC7729CD201325D300BDBD13 /* Main.storyboard */ = {isa = PBXFileReference; fileEncoding = 4; lastKnownFileType = file.storyboard; path = Main.storyboard; sourceTree = "<group>"; };
		CC7729CF201491E400BDBD13 /* DinnerCollectionViewCell.swift */ = {isa = PBXFileReference; fileEncoding = 4; lastKnownFileType = sourcecode.swift; path = DinnerCollectionViewCell.swift; sourceTree = "<group>"; };
		CC7729D0201491E400BDBD13 /* MenuBarCollectionViewCell.swift */ = {isa = PBXFileReference; fileEncoding = 4; lastKnownFileType = sourcecode.swift; path = MenuBarCollectionViewCell.swift; sourceTree = "<group>"; };
		CC7729D1201491E400BDBD13 /* DinnerItemCollectionViewCell.swift */ = {isa = PBXFileReference; fileEncoding = 4; lastKnownFileType = sourcecode.swift; path = DinnerItemCollectionViewCell.swift; sourceTree = "<group>"; };
		CC7729D2201491E400BDBD13 /* CreateDinnerCollectionView.swift */ = {isa = PBXFileReference; fileEncoding = 4; lastKnownFileType = sourcecode.swift; path = CreateDinnerCollectionView.swift; sourceTree = "<group>"; };
		CC7729D3201491E400BDBD13 /* DinnerCreatorViewController.swift */ = {isa = PBXFileReference; fileEncoding = 4; lastKnownFileType = sourcecode.swift; path = DinnerCreatorViewController.swift; sourceTree = "<group>"; };
		CC7729D92014920800BDBD13 /* CoreDataStack.swift */ = {isa = PBXFileReference; fileEncoding = 4; lastKnownFileType = sourcecode.swift; path = CoreDataStack.swift; sourceTree = "<group>"; };
		CC7729DB2014922200BDBD13 /* DinnerItemTableViewCell.swift */ = {isa = PBXFileReference; fileEncoding = 4; lastKnownFileType = sourcecode.swift; path = DinnerItemTableViewCell.swift; sourceTree = "<group>"; };
		CC7729DC2014922200BDBD13 /* DinnerItemTableViewController.swift */ = {isa = PBXFileReference; fileEncoding = 4; lastKnownFileType = sourcecode.swift; path = DinnerItemTableViewController.swift; sourceTree = "<group>"; };
		CC7729DD2014922200BDBD13 /* DinnerDetailCategoryCollectionView.swift */ = {isa = PBXFileReference; fileEncoding = 4; lastKnownFileType = sourcecode.swift; path = DinnerDetailCategoryCollectionView.swift; sourceTree = "<group>"; };
		CC7729DE2014922200BDBD13 /* DinnerItemDetailViewController.swift */ = {isa = PBXFileReference; fileEncoding = 4; lastKnownFileType = sourcecode.swift; path = DinnerItemDetailViewController.swift; sourceTree = "<group>"; };
		CC7729E52014966500BDBD13 /* BackgroundPictures+CoreDataClass.swift */ = {isa = PBXFileReference; lastKnownFileType = sourcecode.swift; path = "BackgroundPictures+CoreDataClass.swift"; sourceTree = "<group>"; };
		CC7729E72014966500BDBD13 /* DinnerItems+CoreDataClass.swift */ = {isa = PBXFileReference; lastKnownFileType = sourcecode.swift; path = "DinnerItems+CoreDataClass.swift"; sourceTree = "<group>"; };
		CC7729E82014966500BDBD13 /* DinnerItems+CoreDataProperties.swift */ = {isa = PBXFileReference; lastKnownFileType = sourcecode.swift; path = "DinnerItems+CoreDataProperties.swift"; sourceTree = "<group>"; };
		CC7729E92014966500BDBD13 /* Dinners+CoreDataClass.swift */ = {isa = PBXFileReference; lastKnownFileType = sourcecode.swift; path = "Dinners+CoreDataClass.swift"; sourceTree = "<group>"; };
		CC7729EA2014966500BDBD13 /* Dinners+CoreDataProperties.swift */ = {isa = PBXFileReference; lastKnownFileType = sourcecode.swift; path = "Dinners+CoreDataProperties.swift"; sourceTree = "<group>"; };
		CC7729F42014989600BDBD13 /* DinnerItem.swift */ = {isa = PBXFileReference; fileEncoding = 4; lastKnownFileType = sourcecode.swift; path = DinnerItem.swift; sourceTree = "<group>"; };
		CC7729F620162DF400BDBD13 /* FetchAllRecordZonesOperation.swift */ = {isa = PBXFileReference; lastKnownFileType = sourcecode.swift; path = FetchAllRecordZonesOperation.swift; sourceTree = "<group>"; };
		CC7729F920162E4900BDBD13 /* Enum.swift */ = {isa = PBXFileReference; lastKnownFileType = sourcecode.swift; path = Enum.swift; sourceTree = "<group>"; };
		CC7729FC20164E2200BDBD13 /* ProcessServerRecordZonesOperation.swift */ = {isa = PBXFileReference; lastKnownFileType = sourcecode.swift; path = ProcessServerRecordZonesOperation.swift; sourceTree = "<group>"; };
/* End PBXFileReference section */

/* Begin PBXFrameworksBuildPhase section */
		CC7729AE20131E1800BDBD13 /* Frameworks */ = {
			isa = PBXFrameworksBuildPhase;
			buildActionMask = 2147483647;
			files = (
				CC7729CC20131E4100BDBD13 /* CloudKit.framework in Frameworks */,
			);
			runOnlyForDeploymentPostprocessing = 0;
		};
/* End PBXFrameworksBuildPhase section */

/* Begin PBXGroup section */
		C972DF21201B7A2B00ED97BF /* FetchRecordOperations */ = {
			isa = PBXGroup;
			children = (
				C972DF22201B7AE300ED97BF /* FetchDatabaseChangesForCloudKitOperation.swift */,
				C972DF24201C664100ED97BF /* FetchRecordZoneChangesOperation.swift */,
				C96D1D2F20221897004CD179 /* BackgroundPictureQueryOperation.swift */,
			);
			path = FetchRecordOperations;
			sourceTree = "<group>";
		};
		C972DF26201C80D500ED97BF /* CoreDataOperations */ = {
			isa = PBXGroup;
			children = (
			);
			path = CoreDataOperations;
			sourceTree = "<group>";
		};
		C9745B91201E0C1C00C34A97 /* Protocols */ = {
			isa = PBXGroup;
			children = (
			);
			path = Protocols;
			sourceTree = "<group>";
		};
		C97AC58C201854E1005AD3D5 /* SubscriptionsOperations */ = {
			isa = PBXGroup;
			children = (
				C97AC58A20185290005AD3D5 /* FetchAllSubscriptionsOperation.swift */,
				C97AC5902018DFFA005AD3D5 /* FetchAllPublicDatabaseSubscriptionsOperation.swift */,
				C97AC58D20185537005AD3D5 /* ProcessServerSubscriptionOperation.swift */,
				C97AC5922018E271005AD3D5 /* ProcessServerPublicDatabaseSubscriptionOperation.swift */,
			);
			name = SubscriptionsOperations;
			path = "New Group";
			sourceTree = "<group>";
		};
		C97AC58F20188534005AD3D5 /* RecordZonesOperation */ = {
			isa = PBXGroup;
			children = (
				CC7729F620162DF400BDBD13 /* FetchAllRecordZonesOperation.swift */,
				CC7729FC20164E2200BDBD13 /* ProcessServerRecordZonesOperation.swift */,
			);
			path = RecordZonesOperation;
			sourceTree = "<group>";
		};
		CC7729A820131E1800BDBD13 = {
			isa = PBXGroup;
			children = (
				C9745B94201E0CF000C34A97 /* CoreDataPRotocols.swift */,
				C972DF27201C810F00ED97BF /* UpdatePublicDatabaseCoreData.swift */,
				CC7729FB20162F9B00BDBD13 /* Enums */,
				CC7729F12014969D00BDBD13 /* CoreData */,
				CC7729F22014972100BDBD13 /* ViewCells and Views */,
				CC7729F32014977700BDBD13 /* ViewControllers */,
				CC7729F820162E2600BDBD13 /* Operations */,
				CC7729B320131E1800BDBD13 /* DinnerWithFriends */,
				CC7729B220131E1800BDBD13 /* Products */,
				CC7729CA20131E4100BDBD13 /* Frameworks */,
			);
			sourceTree = "<group>";
		};
		CC7729B220131E1800BDBD13 /* Products */ = {
			isa = PBXGroup;
			children = (
				CC7729B120131E1800BDBD13 /* DinnerWithFriends.app */,
			);
			name = Products;
			sourceTree = "<group>";
		};
		CC7729B320131E1800BDBD13 /* DinnerWithFriends */ = {
			isa = PBXGroup;
			children = (
				CC7729F42014989600BDBD13 /* DinnerItem.swift */,
				CC7729C920131E1D00BDBD13 /* DinnerWithFriends.entitlements */,
				C9B226AA2017690900B65052 /* CloudKitManager.swift */,
				CC7729CD201325D300BDBD13 /* Main.storyboard */,
				CC7729BE20131E1800BDBD13 /* Assets.xcassets */,
				C972DF1F201B30AD00ED97BF /* AppDelegate.swift */,
				C9745B91201E0C1C00C34A97 /* Protocols */,
				CC7729C020131E1800BDBD13 /* LaunchScreen.storyboard */,
				CC7729C320131E1800BDBD13 /* Info.plist */,
			);
			path = DinnerWithFriends;
			sourceTree = "<group>";
		};
		CC7729CA20131E4100BDBD13 /* Frameworks */ = {
			isa = PBXGroup;
			children = (
				CC7729CB20131E4100BDBD13 /* CloudKit.framework */,
			);
			name = Frameworks;
			sourceTree = "<group>";
		};
		CC7729F12014969D00BDBD13 /* CoreData */ = {
			isa = PBXGroup;
			children = (
				CC7729E82014966500BDBD13 /* DinnerItems+CoreDataProperties.swift */,
				CC7729E72014966500BDBD13 /* DinnerItems+CoreDataClass.swift */,
				CC7729E92014966500BDBD13 /* Dinners+CoreDataClass.swift */,
				CC7729EA2014966500BDBD13 /* Dinners+CoreDataProperties.swift */,
				CC7729E52014966500BDBD13 /* BackgroundPictures+CoreDataClass.swift */,
				C9745B9C201E1F6200C34A97 /* BackgroundPictures+CoreDataProperties.swift */,
				CC7729D92014920800BDBD13 /* CoreDataStack.swift */,
				CC7729BB20131E1800BDBD13 /* DinnerWithFriends.xcdatamodeld */,
			);
			path = CoreData;
			sourceTree = "<group>";
		};
		CC7729F22014972100BDBD13 /* ViewCells and Views */ = {
			isa = PBXGroup;
			children = (
				CC7729D2201491E400BDBD13 /* CreateDinnerCollectionView.swift */,
				CC7729DB2014922200BDBD13 /* DinnerItemTableViewCell.swift */,
				CC7729CF201491E400BDBD13 /* DinnerCollectionViewCell.swift */,
				CC7729D1201491E400BDBD13 /* DinnerItemCollectionViewCell.swift */,
				CC7729D0201491E400BDBD13 /* MenuBarCollectionViewCell.swift */,
				CC7729DD2014922200BDBD13 /* DinnerDetailCategoryCollectionView.swift */,
				CC23A20A2023469500F275CD /* BackgroundPictureCollectionViewCell.swift */,
			);
			path = "ViewCells and Views";
			sourceTree = "<group>";
		};
		CC7729F32014977700BDBD13 /* ViewControllers */ = {
			isa = PBXGroup;
			children = (
				CC7729DE2014922200BDBD13 /* DinnerItemDetailViewController.swift */,
				CC7729DC2014922200BDBD13 /* DinnerItemTableViewController.swift */,
				CC7729D3201491E400BDBD13 /* DinnerCreatorViewController.swift */,
				CC23A208201F659200F275CD /* BackGroundPicturesCollectionViewController.swift */,
			);
			path = ViewControllers;
			sourceTree = "<group>";
		};
		CC7729F820162E2600BDBD13 /* Operations */ = {
			isa = PBXGroup;
			children = (
				C972DF26201C80D500ED97BF /* CoreDataOperations */,
				C972DF21201B7A2B00ED97BF /* FetchRecordOperations */,
				C97AC58F20188534005AD3D5 /* RecordZonesOperation */,
				C97AC58C201854E1005AD3D5 /* SubscriptionsOperations */,
			);
			path = Operations;
			sourceTree = "<group>";
		};
		CC7729FB20162F9B00BDBD13 /* Enums */ = {
			isa = PBXGroup;
			children = (
				CC7729F920162E4900BDBD13 /* Enum.swift */,
			);
			path = Enums;
			sourceTree = "<group>";
		};
/* End PBXGroup section */

/* Begin PBXNativeTarget section */
		CC7729B020131E1800BDBD13 /* DinnerWithFriends */ = {
			isa = PBXNativeTarget;
			buildConfigurationList = CC7729C620131E1800BDBD13 /* Build configuration list for PBXNativeTarget "DinnerWithFriends" */;
			buildPhases = (
				CC7729AD20131E1800BDBD13 /* Sources */,
				CC7729AE20131E1800BDBD13 /* Frameworks */,
				CC7729AF20131E1800BDBD13 /* Resources */,
			);
			buildRules = (
			);
			dependencies = (
			);
			name = DinnerWithFriends;
			productName = DinnerWithFriends;
			productReference = CC7729B120131E1800BDBD13 /* DinnerWithFriends.app */;
			productType = "com.apple.product-type.application";
		};
/* End PBXNativeTarget section */

/* Begin PBXProject section */
		CC7729A920131E1800BDBD13 /* Project object */ = {
			isa = PBXProject;
			attributes = {
				LastSwiftUpdateCheck = 0920;
				LastUpgradeCheck = 0920;
				ORGANIZATIONNAME = "Bart Bronselaer";
				TargetAttributes = {
					CC7729B020131E1800BDBD13 = {
						CreatedOnToolsVersion = 9.2;
						ProvisioningStyle = Automatic;
						SystemCapabilities = {
							com.apple.BackgroundModes = {
								enabled = 1;
							};
							com.apple.Push = {
								enabled = 1;
							};
							com.apple.iCloud = {
								enabled = 1;
							};
						};
					};
				};
			};
			buildConfigurationList = CC7729AC20131E1800BDBD13 /* Build configuration list for PBXProject "DinnerWithFriends" */;
			compatibilityVersion = "Xcode 8.0";
			developmentRegion = en;
			hasScannedForEncodings = 0;
			knownRegions = (
				en,
				Base,
			);
			mainGroup = CC7729A820131E1800BDBD13;
			productRefGroup = CC7729B220131E1800BDBD13 /* Products */;
			projectDirPath = "";
			projectRoot = "";
			targets = (
				CC7729B020131E1800BDBD13 /* DinnerWithFriends */,
			);
		};
/* End PBXProject section */

/* Begin PBXResourcesBuildPhase section */
		CC7729AF20131E1800BDBD13 /* Resources */ = {
			isa = PBXResourcesBuildPhase;
			buildActionMask = 2147483647;
			files = (
				CC7729C220131E1800BDBD13 /* LaunchScreen.storyboard in Resources */,
				CC7729BF20131E1800BDBD13 /* Assets.xcassets in Resources */,
				CC7729CE201325D400BDBD13 /* Main.storyboard in Resources */,
			);
			runOnlyForDeploymentPostprocessing = 0;
		};
/* End PBXResourcesBuildPhase section */

/* Begin PBXSourcesBuildPhase section */
		CC7729AD20131E1800BDBD13 /* Sources */ = {
			isa = PBXSourcesBuildPhase;
			buildActionMask = 2147483647;
			files = (
				C97AC5932018E271005AD3D5 /* ProcessServerPublicDatabaseSubscriptionOperation.swift in Sources */,
				CC7729E22014922200BDBD13 /* DinnerItemDetailViewController.swift in Sources */,
				CC7729BD20131E1800BDBD13 /* DinnerWithFriends.xcdatamodeld in Sources */,
				C97AC58B20185290005AD3D5 /* FetchAllSubscriptionsOperation.swift in Sources */,
				CC7729E12014922200BDBD13 /* DinnerDetailCategoryCollectionView.swift in Sources */,
				CC23A209201F659200F275CD /* BackGroundPicturesCollectionViewController.swift in Sources */,
				C97AC58E20185537005AD3D5 /* ProcessServerSubscriptionOperation.swift in Sources */,
				CC7729F52014989600BDBD13 /* DinnerItem.swift in Sources */,
				CC7729FD20164E2200BDBD13 /* ProcessServerRecordZonesOperation.swift in Sources */,
				CC23A20B2023469500F275CD /* BackgroundPictureCollectionViewCell.swift in Sources */,
				C9745B95201E0CF000C34A97 /* CoreDataPRotocols.swift in Sources */,
				CC7729F02014966500BDBD13 /* Dinners+CoreDataProperties.swift in Sources */,
				CC7729D6201491E400BDBD13 /* DinnerItemCollectionViewCell.swift in Sources */,
				CC7729F720162DF400BDBD13 /* FetchAllRecordZonesOperation.swift in Sources */,
				C96D1D3020221897004CD179 /* BackgroundPictureQueryOperation.swift in Sources */,
				CC7729ED2014966500BDBD13 /* DinnerItems+CoreDataClass.swift in Sources */,
				C972DF23201B7AE300ED97BF /* FetchDatabaseChangesForCloudKitOperation.swift in Sources */,
				C9745B9D201E1F6200C34A97 /* BackgroundPictures+CoreDataProperties.swift in Sources */,
				CC7729D8201491E400BDBD13 /* DinnerCreatorViewController.swift in Sources */,
				CC7729D7201491E400BDBD13 /* CreateDinnerCollectionView.swift in Sources */,
				C9B226AB2017690900B65052 /* CloudKitManager.swift in Sources */,
				CC7729FA20162E4900BDBD13 /* Enum.swift in Sources */,
				CC7729EB2014966500BDBD13 /* BackgroundPictures+CoreDataClass.swift in Sources */,
				CC7729DF2014922200BDBD13 /* DinnerItemTableViewCell.swift in Sources */,
				CC7729E02014922200BDBD13 /* DinnerItemTableViewController.swift in Sources */,
				CC7729D4201491E400BDBD13 /* DinnerCollectionViewCell.swift in Sources */,
				CC7729EE2014966500BDBD13 /* DinnerItems+CoreDataProperties.swift in Sources */,
				C972DF20201B30AD00ED97BF /* AppDelegate.swift in Sources */,
				CC7729D5201491E400BDBD13 /* MenuBarCollectionViewCell.swift in Sources */,
				CC7729EF2014966500BDBD13 /* Dinners+CoreDataClass.swift in Sources */,
				C97AC5912018DFFA005AD3D5 /* FetchAllPublicDatabaseSubscriptionsOperation.swift in Sources */,
				C972DF25201C664100ED97BF /* FetchRecordZoneChangesOperation.swift in Sources */,
				C972DF28201C810F00ED97BF /* UpdatePublicDatabaseCoreData.swift in Sources */,
				CC7729DA2014920800BDBD13 /* CoreDataStack.swift in Sources */,
			);
			runOnlyForDeploymentPostprocessing = 0;
		};
/* End PBXSourcesBuildPhase section */

/* Begin PBXVariantGroup section */
		CC7729C020131E1800BDBD13 /* LaunchScreen.storyboard */ = {
			isa = PBXVariantGroup;
			children = (
				CC7729C120131E1800BDBD13 /* Base */,
			);
			name = LaunchScreen.storyboard;
			sourceTree = "<group>";
		};
/* End PBXVariantGroup section */

/* Begin XCBuildConfiguration section */
		CC7729C420131E1800BDBD13 /* Debug */ = {
			isa = XCBuildConfiguration;
			buildSettings = {
				ALWAYS_SEARCH_USER_PATHS = NO;
				CLANG_ANALYZER_NONNULL = YES;
				CLANG_ANALYZER_NUMBER_OBJECT_CONVERSION = YES_AGGRESSIVE;
				CLANG_CXX_LANGUAGE_STANDARD = "gnu++14";
				CLANG_CXX_LIBRARY = "libc++";
				CLANG_ENABLE_MODULES = YES;
				CLANG_ENABLE_OBJC_ARC = YES;
				CLANG_WARN_BLOCK_CAPTURE_AUTORELEASING = YES;
				CLANG_WARN_BOOL_CONVERSION = YES;
				CLANG_WARN_COMMA = YES;
				CLANG_WARN_CONSTANT_CONVERSION = YES;
				CLANG_WARN_DIRECT_OBJC_ISA_USAGE = YES_ERROR;
				CLANG_WARN_DOCUMENTATION_COMMENTS = YES;
				CLANG_WARN_EMPTY_BODY = YES;
				CLANG_WARN_ENUM_CONVERSION = YES;
				CLANG_WARN_INFINITE_RECURSION = YES;
				CLANG_WARN_INT_CONVERSION = YES;
				CLANG_WARN_NON_LITERAL_NULL_CONVERSION = YES;
				CLANG_WARN_OBJC_LITERAL_CONVERSION = YES;
				CLANG_WARN_OBJC_ROOT_CLASS = YES_ERROR;
				CLANG_WARN_RANGE_LOOP_ANALYSIS = YES;
				CLANG_WARN_STRICT_PROTOTYPES = YES;
				CLANG_WARN_SUSPICIOUS_MOVE = YES;
				CLANG_WARN_UNGUARDED_AVAILABILITY = YES_AGGRESSIVE;
				CLANG_WARN_UNREACHABLE_CODE = YES;
				CLANG_WARN__DUPLICATE_METHOD_MATCH = YES;
				CODE_SIGN_IDENTITY = "iPhone Developer";
				COPY_PHASE_STRIP = NO;
				DEBUG_INFORMATION_FORMAT = dwarf;
				ENABLE_STRICT_OBJC_MSGSEND = YES;
				ENABLE_TESTABILITY = YES;
				GCC_C_LANGUAGE_STANDARD = gnu11;
				GCC_DYNAMIC_NO_PIC = NO;
				GCC_NO_COMMON_BLOCKS = YES;
				GCC_OPTIMIZATION_LEVEL = 0;
				GCC_PREPROCESSOR_DEFINITIONS = (
					"DEBUG=1",
					"$(inherited)",
				);
				GCC_WARN_64_TO_32_BIT_CONVERSION = YES;
				GCC_WARN_ABOUT_RETURN_TYPE = YES_ERROR;
				GCC_WARN_UNDECLARED_SELECTOR = YES;
				GCC_WARN_UNINITIALIZED_AUTOS = YES_AGGRESSIVE;
				GCC_WARN_UNUSED_FUNCTION = YES;
				GCC_WARN_UNUSED_VARIABLE = YES;
				IPHONEOS_DEPLOYMENT_TARGET = 11.2;
				MTL_ENABLE_DEBUG_INFO = YES;
				ONLY_ACTIVE_ARCH = YES;
				SDKROOT = iphoneos;
				SWIFT_ACTIVE_COMPILATION_CONDITIONS = DEBUG;
				SWIFT_OPTIMIZATION_LEVEL = "-Onone";
			};
			name = Debug;
		};
		CC7729C520131E1800BDBD13 /* Release */ = {
			isa = XCBuildConfiguration;
			buildSettings = {
				ALWAYS_SEARCH_USER_PATHS = NO;
				CLANG_ANALYZER_NONNULL = YES;
				CLANG_ANALYZER_NUMBER_OBJECT_CONVERSION = YES_AGGRESSIVE;
				CLANG_CXX_LANGUAGE_STANDARD = "gnu++14";
				CLANG_CXX_LIBRARY = "libc++";
				CLANG_ENABLE_MODULES = YES;
				CLANG_ENABLE_OBJC_ARC = YES;
				CLANG_WARN_BLOCK_CAPTURE_AUTORELEASING = YES;
				CLANG_WARN_BOOL_CONVERSION = YES;
				CLANG_WARN_COMMA = YES;
				CLANG_WARN_CONSTANT_CONVERSION = YES;
				CLANG_WARN_DIRECT_OBJC_ISA_USAGE = YES_ERROR;
				CLANG_WARN_DOCUMENTATION_COMMENTS = YES;
				CLANG_WARN_EMPTY_BODY = YES;
				CLANG_WARN_ENUM_CONVERSION = YES;
				CLANG_WARN_INFINITE_RECURSION = YES;
				CLANG_WARN_INT_CONVERSION = YES;
				CLANG_WARN_NON_LITERAL_NULL_CONVERSION = YES;
				CLANG_WARN_OBJC_LITERAL_CONVERSION = YES;
				CLANG_WARN_OBJC_ROOT_CLASS = YES_ERROR;
				CLANG_WARN_RANGE_LOOP_ANALYSIS = YES;
				CLANG_WARN_STRICT_PROTOTYPES = YES;
				CLANG_WARN_SUSPICIOUS_MOVE = YES;
				CLANG_WARN_UNGUARDED_AVAILABILITY = YES_AGGRESSIVE;
				CLANG_WARN_UNREACHABLE_CODE = YES;
				CLANG_WARN__DUPLICATE_METHOD_MATCH = YES;
				CODE_SIGN_IDENTITY = "iPhone Developer";
				COPY_PHASE_STRIP = NO;
				DEBUG_INFORMATION_FORMAT = "dwarf-with-dsym";
				ENABLE_NS_ASSERTIONS = NO;
				ENABLE_STRICT_OBJC_MSGSEND = YES;
				GCC_C_LANGUAGE_STANDARD = gnu11;
				GCC_NO_COMMON_BLOCKS = YES;
				GCC_WARN_64_TO_32_BIT_CONVERSION = YES;
				GCC_WARN_ABOUT_RETURN_TYPE = YES_ERROR;
				GCC_WARN_UNDECLARED_SELECTOR = YES;
				GCC_WARN_UNINITIALIZED_AUTOS = YES_AGGRESSIVE;
				GCC_WARN_UNUSED_FUNCTION = YES;
				GCC_WARN_UNUSED_VARIABLE = YES;
				IPHONEOS_DEPLOYMENT_TARGET = 11.2;
				MTL_ENABLE_DEBUG_INFO = NO;
				SDKROOT = iphoneos;
				SWIFT_OPTIMIZATION_LEVEL = "-Owholemodule";
				VALIDATE_PRODUCT = YES;
			};
			name = Release;
		};
		CC7729C720131E1800BDBD13 /* Debug */ = {
			isa = XCBuildConfiguration;
			buildSettings = {
				ASSETCATALOG_COMPILER_APPICON_NAME = AppIcon;
				CODE_SIGN_ENTITLEMENTS = DinnerWithFriends/DinnerWithFriends.entitlements;
				CODE_SIGN_STYLE = Automatic;
				DEVELOPMENT_TEAM = C26YUS4LJ8;
				INFOPLIST_FILE = DinnerWithFriends/Info.plist;
				LD_RUNPATH_SEARCH_PATHS = "$(inherited) @executable_path/Frameworks";
				PRODUCT_BUNDLE_IDENTIFIER = "bart.bronselaer-me.com.DinnerWithFriends";
				PRODUCT_NAME = "$(TARGET_NAME)";
				SWIFT_VERSION = 4.0;
				TARGETED_DEVICE_FAMILY = "1,2";
			};
			name = Debug;
		};
		CC7729C820131E1800BDBD13 /* Release */ = {
			isa = XCBuildConfiguration;
			buildSettings = {
				ASSETCATALOG_COMPILER_APPICON_NAME = AppIcon;
				CODE_SIGN_ENTITLEMENTS = DinnerWithFriends/DinnerWithFriends.entitlements;
				CODE_SIGN_STYLE = Automatic;
				DEVELOPMENT_TEAM = C26YUS4LJ8;
				INFOPLIST_FILE = DinnerWithFriends/Info.plist;
				LD_RUNPATH_SEARCH_PATHS = "$(inherited) @executable_path/Frameworks";
				PRODUCT_BUNDLE_IDENTIFIER = "bart.bronselaer-me.com.DinnerWithFriends";
				PRODUCT_NAME = "$(TARGET_NAME)";
				SWIFT_VERSION = 4.0;
				TARGETED_DEVICE_FAMILY = "1,2";
			};
			name = Release;
		};
/* End XCBuildConfiguration section */

/* Begin XCConfigurationList section */
		CC7729AC20131E1800BDBD13 /* Build configuration list for PBXProject "DinnerWithFriends" */ = {
			isa = XCConfigurationList;
			buildConfigurations = (
				CC7729C420131E1800BDBD13 /* Debug */,
				CC7729C520131E1800BDBD13 /* Release */,
			);
			defaultConfigurationIsVisible = 0;
			defaultConfigurationName = Release;
		};
		CC7729C620131E1800BDBD13 /* Build configuration list for PBXNativeTarget "DinnerWithFriends" */ = {
			isa = XCConfigurationList;
			buildConfigurations = (
				CC7729C720131E1800BDBD13 /* Debug */,
				CC7729C820131E1800BDBD13 /* Release */,
			);
			defaultConfigurationIsVisible = 0;
			defaultConfigurationName = Release;
		};
/* End XCConfigurationList section */

/* Begin XCVersionGroup section */
		CC7729BB20131E1800BDBD13 /* DinnerWithFriends.xcdatamodeld */ = {
			isa = XCVersionGroup;
			children = (
				CC7729BC20131E1800BDBD13 /* DinnerWithFriends.xcdatamodel */,
			);
			currentVersion = CC7729BC20131E1800BDBD13 /* DinnerWithFriends.xcdatamodel */;
			path = DinnerWithFriends.xcdatamodeld;
			sourceTree = "<group>";
			versionGroupType = wrapper.xcdatamodel;
		};
/* End XCVersionGroup section */
	};
	rootObject = CC7729A920131E1800BDBD13 /* Project object */;
}
